github.com/wso2/api-platform/sdk v0.4.5 h1:1T5bY4W0No8SKZiydg8dt/x0iFKWiRTgquzoQd7EXU4=
github.com/wso2/api-platform/sdk v0.4.5/go.mod h1:Zoaj0dOuHmI96K9rY9w2qunjjT4Lcvlq9AYezL4a3/0=
github.com/wso2/api-platform/sdk/ai v0.1.0 h1:9iFtzjHlGkXlcd4AS+amB5/iZo+YD9deJnIcORCkVKg=
github.com/wso2/api-platform/sdk/ai v0.1.0/go.mod h1:XOV3qIznbRZVqf9IduTDP0pqLCAze1aXi/d4xytEGmY=
github.com/wso2/api-platform/sdk/core v0.0.1 h1:tqaEbew5Zju1rW+NaC+b7OqLeBSojbrgEfoM6vXogEQ=
github.com/wso2/api-platform/sdk/core v0.0.1/go.mod h1:R114dV8/EAl843+16zi97Cbd5+iPPYjHKdN7Nik3EUw=
