github.com/wso2/api-platform/sdk/ai v0.1.1 h1:+HjL/mYP7m9jZdkmjTyR2gwUxbbwzUs4w1a1eVA1ORc=
github.com/wso2/api-platform/sdk/ai v0.1.1/go.mod h1:EFQ6w1Orv6uyjNhCDxAr9Sanh33NmgoBCQyA9qHMudk=
github.com/wso2/api-platform/sdk/core v0.1.0 h1:yxxlgmrZLztCqHzAW7GdRnUNBFOA2l8AX6fphMZaly0=
github.com/wso2/api-platform/sdk/core v0.1.0/go.mod h1:R114dV8/EAl843+16zi97Cbd5+iPPYjHKdN7Nik3EUw=
